
Microsoft Visual Studio Solution File, Format Version 12.00
# Visual Studio Version 17
VisualStudioVersion = 17.2.32630.192
MinimumVisualStudioVersion = 10.0.40219.1
Project("{9A19103F-16F7-4668-BE54-9A1E7A4F7556}") = "RazorProject", "RazorProject.csproj", "{0FE5D137-230E-487F-9662-CD67FCFFF81E}"
EndProject
Global
	GlobalSection(SolutionConfigurationPlatforms) = preSolution
		Debug|Any CPU = Debug|Any CPU
		Release|Any CPU = Release|Any CPU
	EndGlobalSection
	GlobalSection(ProjectConfigurationPlatforms) = postSolution
		{0FE5D137-230E-487F-9662-CD67FCFFF81E}.Debug|Any CPU.ActiveCfg = Debug|Any CPU
		{0FE5D137-230E-487F-9662-CD67FCFFF81E}.Debug|Any CPU.Build.0 = Debug|Any CPU
		{0FE5D137-230E-487F-9662-CD67FCFFF81E}.Release|Any CPU.ActiveCfg = Release|Any CPU
		{0FE5D137-230E-487F-9662-CD67FCFFF81E}.Release|Any CPU.Build.0 = Release|Any CPU
	EndGlobalSection
	GlobalSection(SolutionProperties) = preSolution
		HideSolutionNode = FALSE
	EndGlobalSection
	GlobalSection(ExtensibilityGlobals) = postSolution
		SolutionGuid = {DE1C3FA6-679D-456A-950B-E03EF4C53213}
	EndGlobalSection
EndGlobal
